
Microsoft Visual Studio Solution File, Format Version 12.00
# Visual Studio 15
VisualStudioVersion = 15.0.27130.0
MinimumVisualStudioVersion = 10.0.40219.1
Project("{FAE04EC0-301F-11D3-BF4B-00C04F79EFBC}") = "TextQuest", "TextQuest\TextQuest.csproj", "{76514323-DA28-4087-A9B6-0A915E297D89}"
EndProject
Global
	GlobalSection(SolutionConfigurationPlatforms) = preSolution
		Debug|Any CPU = Debug|Any CPU
		Release|Any CPU = Release|Any CPU
	EndGlobalSection
	GlobalSection(ProjectConfigurationPlatforms) = postSolution
		{76514323-DA28-4087-A9B6-0A915E297D89}.Debug|Any CPU.ActiveCfg = Debug|Any CPU
		{76514323-DA28-4087-A9B6-0A915E297D89}.Debug|Any CPU.Build.0 = Debug|Any CPU
		{76514323-DA28-4087-A9B6-0A915E297D89}.Release|Any CPU.ActiveCfg = Release|Any CPU
		{76514323-DA28-4087-A9B6-0A915E297D89}.Release|Any CPU.Build.0 = Release|Any CPU
	EndGlobalSection
	GlobalSection(SolutionProperties) = preSolution
		HideSolutionNode = FALSE
	EndGlobalSection
	GlobalSection(ExtensibilityGlobals) = postSolution
		SolutionGuid = {EE08220B-E6BD-4D7B-B5DD-F37012487316}
	EndGlobalSection
EndGlobal
