
Microsoft Visual Studio Solution File, Format Version 12.00
# Visual Studio 15
VisualStudioVersion = 15.0.27130.0
MinimumVisualStudioVersion = 10.0.40219.1
Project("{FAE04EC0-301F-11D3-BF4B-00C04F79EFBC}") = "TextQuest", "TextQuest\TextQuest.csproj", "{76514323-DA28-4087-A9B6-0A915E297D89}"
EndProject
Project("{FAE04EC0-301F-11D3-BF4B-00C04F79EFBC}") = "PhoneQuest.Android", "PhoneQuest\PhoneQuest.Android\PhoneQuest.Android.csproj", "{04340D1D-522B-4B32-A8C3-9819AA542013}"
EndProject
Project("{FAE04EC0-301F-11D3-BF4B-00C04F79EFBC}") = "PhoneQuest.iOS", "PhoneQuest\PhoneQuest.iOS\PhoneQuest.iOS.csproj", "{411DAAFD-D331-42D5-9E35-E4F1804A629C}"
EndProject
Project("{FAE04EC0-301F-11D3-BF4B-00C04F79EFBC}") = "PhoneQuest", "PhoneQuest\PhoneQuest\PhoneQuest.csproj", "{0226C9CA-D419-47F4-B79C-5CCA99BB3A6A}"
EndProject
Global
	GlobalSection(SolutionConfigurationPlatforms) = preSolution
		Ad-Hoc|Any CPU = Ad-Hoc|Any CPU
		Ad-Hoc|iPhone = Ad-Hoc|iPhone
		Ad-Hoc|iPhoneSimulator = Ad-Hoc|iPhoneSimulator
		AppStore|Any CPU = AppStore|Any CPU
		AppStore|iPhone = AppStore|iPhone
		AppStore|iPhoneSimulator = AppStore|iPhoneSimulator
		Debug|Any CPU = Debug|Any CPU
		Debug|iPhone = Debug|iPhone
		Debug|iPhoneSimulator = Debug|iPhoneSimulator
		Release|Any CPU = Release|Any CPU
		Release|iPhone = Release|iPhone
		Release|iPhoneSimulator = Release|iPhoneSimulator
	EndGlobalSection
	GlobalSection(ProjectConfigurationPlatforms) = postSolution
		{76514323-DA28-4087-A9B6-0A915E297D89}.Ad-Hoc|Any CPU.ActiveCfg = Release|Any CPU
		{76514323-DA28-4087-A9B6-0A915E297D89}.Ad-Hoc|Any CPU.Build.0 = Release|Any CPU
		{76514323-DA28-4087-A9B6-0A915E297D89}.Ad-Hoc|iPhone.ActiveCfg = Release|Any CPU
		{76514323-DA28-4087-A9B6-0A915E297D89}.Ad-Hoc|iPhone.Build.0 = Release|Any CPU
		{76514323-DA28-4087-A9B6-0A915E297D89}.Ad-Hoc|iPhoneSimulator.ActiveCfg = Release|Any CPU
		{76514323-DA28-4087-A9B6-0A915E297D89}.Ad-Hoc|iPhoneSimulator.Build.0 = Release|Any CPU
		{76514323-DA28-4087-A9B6-0A915E297D89}.AppStore|Any CPU.ActiveCfg = Release|Any CPU
		{76514323-DA28-4087-A9B6-0A915E297D89}.AppStore|Any CPU.Build.0 = Release|Any CPU
		{76514323-DA28-4087-A9B6-0A915E297D89}.AppStore|iPhone.ActiveCfg = Release|Any CPU
		{76514323-DA28-4087-A9B6-0A915E297D89}.AppStore|iPhone.Build.0 = Release|Any CPU
		{76514323-DA28-4087-A9B6-0A915E297D89}.AppStore|iPhoneSimulator.ActiveCfg = Release|Any CPU
		{76514323-DA28-4087-A9B6-0A915E297D89}.AppStore|iPhoneSimulator.Build.0 = Release|Any CPU
		{76514323-DA28-4087-A9B6-0A915E297D89}.Debug|Any CPU.ActiveCfg = Debug|Any CPU
		{76514323-DA28-4087-A9B6-0A915E297D89}.Debug|Any CPU.Build.0 = Debug|Any CPU
		{76514323-DA28-4087-A9B6-0A915E297D89}.Debug|iPhone.ActiveCfg = Debug|Any CPU
		{76514323-DA28-4087-A9B6-0A915E297D89}.Debug|iPhone.Build.0 = Debug|Any CPU
		{76514323-DA28-4087-A9B6-0A915E297D89}.Debug|iPhoneSimulator.ActiveCfg = Debug|Any CPU
		{76514323-DA28-4087-A9B6-0A915E297D89}.Debug|iPhoneSimulator.Build.0 = Debug|Any CPU
		{76514323-DA28-4087-A9B6-0A915E297D89}.Release|Any CPU.ActiveCfg = Release|Any CPU
		{76514323-DA28-4087-A9B6-0A915E297D89}.Release|Any CPU.Build.0 = Release|Any CPU
		{76514323-DA28-4087-A9B6-0A915E297D89}.Release|iPhone.ActiveCfg = Release|Any CPU
		{76514323-DA28-4087-A9B6-0A915E297D89}.Release|iPhone.Build.0 = Release|Any CPU
		{76514323-DA28-4087-A9B6-0A915E297D89}.Release|iPhoneSimulator.ActiveCfg = Release|Any CPU
		{76514323-DA28-4087-A9B6-0A915E297D89}.Release|iPhoneSimulator.Build.0 = Release|Any CPU
		{04340D1D-522B-4B32-A8C3-9819AA542013}.Ad-Hoc|Any CPU.ActiveCfg = Release|Any CPU
		{04340D1D-522B-4B32-A8C3-9819AA542013}.Ad-Hoc|Any CPU.Build.0 = Release|Any CPU
		{04340D1D-522B-4B32-A8C3-9819AA542013}.Ad-Hoc|Any CPU.Deploy.0 = Release|Any CPU
		{04340D1D-522B-4B32-A8C3-9819AA542013}.Ad-Hoc|iPhone.ActiveCfg = Release|Any CPU
		{04340D1D-522B-4B32-A8C3-9819AA542013}.Ad-Hoc|iPhone.Build.0 = Release|Any CPU
		{04340D1D-522B-4B32-A8C3-9819AA542013}.Ad-Hoc|iPhone.Deploy.0 = Release|Any CPU
		{04340D1D-522B-4B32-A8C3-9819AA542013}.Ad-Hoc|iPhoneSimulator.ActiveCfg = Release|Any CPU
		{04340D1D-522B-4B32-A8C3-9819AA542013}.Ad-Hoc|iPhoneSimulator.Build.0 = Release|Any CPU
		{04340D1D-522B-4B32-A8C3-9819AA542013}.Ad-Hoc|iPhoneSimulator.Deploy.0 = Release|Any CPU
		{04340D1D-522B-4B32-A8C3-9819AA542013}.AppStore|Any CPU.ActiveCfg = Release|Any CPU
		{04340D1D-522B-4B32-A8C3-9819AA542013}.AppStore|Any CPU.Build.0 = Release|Any CPU
		{04340D1D-522B-4B32-A8C3-9819AA542013}.AppStore|Any CPU.Deploy.0 = Release|Any CPU
		{04340D1D-522B-4B32-A8C3-9819AA542013}.AppStore|iPhone.ActiveCfg = Release|Any CPU
		{04340D1D-522B-4B32-A8C3-9819AA542013}.AppStore|iPhone.Build.0 = Release|Any CPU
		{04340D1D-522B-4B32-A8C3-9819AA542013}.AppStore|iPhone.Deploy.0 = Release|Any CPU
		{04340D1D-522B-4B32-A8C3-9819AA542013}.AppStore|iPhoneSimulator.ActiveCfg = Release|Any CPU
		{04340D1D-522B-4B32-A8C3-9819AA542013}.AppStore|iPhoneSimulator.Build.0 = Release|Any CPU
		{04340D1D-522B-4B32-A8C3-9819AA542013}.AppStore|iPhoneSimulator.Deploy.0 = Release|Any CPU
		{04340D1D-522B-4B32-A8C3-9819AA542013}.Debug|Any CPU.ActiveCfg = Debug|Any CPU
		{04340D1D-522B-4B32-A8C3-9819AA542013}.Debug|Any CPU.Build.0 = Debug|Any CPU
		{04340D1D-522B-4B32-A8C3-9819AA542013}.Debug|Any CPU.Deploy.0 = Debug|Any CPU
		{04340D1D-522B-4B32-A8C3-9819AA542013}.Debug|iPhone.ActiveCfg = Debug|Any CPU
		{04340D1D-522B-4B32-A8C3-9819AA542013}.Debug|iPhone.Build.0 = Debug|Any CPU
		{04340D1D-522B-4B32-A8C3-9819AA542013}.Debug|iPhone.Deploy.0 = Debug|Any CPU
		{04340D1D-522B-4B32-A8C3-9819AA542013}.Debug|iPhoneSimulator.ActiveCfg = Debug|Any CPU
		{04340D1D-522B-4B32-A8C3-9819AA542013}.Debug|iPhoneSimulator.Build.0 = Debug|Any CPU
		{04340D1D-522B-4B32-A8C3-9819AA542013}.Debug|iPhoneSimulator.Deploy.0 = Debug|Any CPU
		{04340D1D-522B-4B32-A8C3-9819AA542013}.Release|Any CPU.ActiveCfg = Release|Any CPU
		{04340D1D-522B-4B32-A8C3-9819AA542013}.Release|Any CPU.Build.0 = Release|Any CPU
		{04340D1D-522B-4B32-A8C3-9819AA542013}.Release|Any CPU.Deploy.0 = Release|Any CPU
		{04340D1D-522B-4B32-A8C3-9819AA542013}.Release|iPhone.ActiveCfg = Release|Any CPU
		{04340D1D-522B-4B32-A8C3-9819AA542013}.Release|iPhone.Build.0 = Release|Any CPU
		{04340D1D-522B-4B32-A8C3-9819AA542013}.Release|iPhone.Deploy.0 = Release|Any CPU
		{04340D1D-522B-4B32-A8C3-9819AA542013}.Release|iPhoneSimulator.ActiveCfg = Release|Any CPU
		{04340D1D-522B-4B32-A8C3-9819AA542013}.Release|iPhoneSimulator.Build.0 = Release|Any CPU
		{04340D1D-522B-4B32-A8C3-9819AA542013}.Release|iPhoneSimulator.Deploy.0 = Release|Any CPU
		{411DAAFD-D331-42D5-9E35-E4F1804A629C}.Ad-Hoc|Any CPU.ActiveCfg = Ad-Hoc|iPhone
		{411DAAFD-D331-42D5-9E35-E4F1804A629C}.Ad-Hoc|iPhone.ActiveCfg = Ad-Hoc|iPhone
		{411DAAFD-D331-42D5-9E35-E4F1804A629C}.Ad-Hoc|iPhone.Build.0 = Ad-Hoc|iPhone
		{411DAAFD-D331-42D5-9E35-E4F1804A629C}.Ad-Hoc|iPhoneSimulator.ActiveCfg = Ad-Hoc|iPhoneSimulator
		{411DAAFD-D331-42D5-9E35-E4F1804A629C}.Ad-Hoc|iPhoneSimulator.Build.0 = Ad-Hoc|iPhoneSimulator
		{411DAAFD-D331-42D5-9E35-E4F1804A629C}.AppStore|Any CPU.ActiveCfg = AppStore|iPhone
		{411DAAFD-D331-42D5-9E35-E4F1804A629C}.AppStore|iPhone.ActiveCfg = AppStore|iPhone
		{411DAAFD-D331-42D5-9E35-E4F1804A629C}.AppStore|iPhone.Build.0 = AppStore|iPhone
		{411DAAFD-D331-42D5-9E35-E4F1804A629C}.AppStore|iPhoneSimulator.ActiveCfg = AppStore|iPhoneSimulator
		{411DAAFD-D331-42D5-9E35-E4F1804A629C}.AppStore|iPhoneSimulator.Build.0 = AppStore|iPhoneSimulator
		{411DAAFD-D331-42D5-9E35-E4F1804A629C}.Debug|Any CPU.ActiveCfg = Debug|iPhone
		{411DAAFD-D331-42D5-9E35-E4F1804A629C}.Debug|iPhone.ActiveCfg = Debug|iPhone
		{411DAAFD-D331-42D5-9E35-E4F1804A629C}.Debug|iPhone.Build.0 = Debug|iPhone
		{411DAAFD-D331-42D5-9E35-E4F1804A629C}.Debug|iPhoneSimulator.ActiveCfg = Debug|iPhoneSimulator
		{411DAAFD-D331-42D5-9E35-E4F1804A629C}.Debug|iPhoneSimulator.Build.0 = Debug|iPhoneSimulator
		{411DAAFD-D331-42D5-9E35-E4F1804A629C}.Release|Any CPU.ActiveCfg = Release|iPhone
		{411DAAFD-D331-42D5-9E35-E4F1804A629C}.Release|iPhone.ActiveCfg = Release|iPhone
		{411DAAFD-D331-42D5-9E35-E4F1804A629C}.Release|iPhone.Build.0 = Release|iPhone
		{411DAAFD-D331-42D5-9E35-E4F1804A629C}.Release|iPhoneSimulator.ActiveCfg = Release|iPhoneSimulator
		{411DAAFD-D331-42D5-9E35-E4F1804A629C}.Release|iPhoneSimulator.Build.0 = Release|iPhoneSimulator
		{0226C9CA-D419-47F4-B79C-5CCA99BB3A6A}.Ad-Hoc|Any CPU.ActiveCfg = Debug|Any CPU
		{0226C9CA-D419-47F4-B79C-5CCA99BB3A6A}.Ad-Hoc|Any CPU.Build.0 = Debug|Any CPU
		{0226C9CA-D419-47F4-B79C-5CCA99BB3A6A}.Ad-Hoc|iPhone.ActiveCfg = Debug|Any CPU
		{0226C9CA-D419-47F4-B79C-5CCA99BB3A6A}.Ad-Hoc|iPhone.Build.0 = Debug|Any CPU
		{0226C9CA-D419-47F4-B79C-5CCA99BB3A6A}.Ad-Hoc|iPhoneSimulator.ActiveCfg = Debug|Any CPU
		{0226C9CA-D419-47F4-B79C-5CCA99BB3A6A}.Ad-Hoc|iPhoneSimulator.Build.0 = Debug|Any CPU
		{0226C9CA-D419-47F4-B79C-5CCA99BB3A6A}.AppStore|Any CPU.ActiveCfg = Debug|Any CPU
		{0226C9CA-D419-47F4-B79C-5CCA99BB3A6A}.AppStore|Any CPU.Build.0 = Debug|Any CPU
		{0226C9CA-D419-47F4-B79C-5CCA99BB3A6A}.AppStore|iPhone.ActiveCfg = Debug|Any CPU
		{0226C9CA-D419-47F4-B79C-5CCA99BB3A6A}.AppStore|iPhone.Build.0 = Debug|Any CPU
		{0226C9CA-D419-47F4-B79C-5CCA99BB3A6A}.AppStore|iPhoneSimulator.ActiveCfg = Debug|Any CPU
		{0226C9CA-D419-47F4-B79C-5CCA99BB3A6A}.AppStore|iPhoneSimulator.Build.0 = Debug|Any CPU
		{0226C9CA-D419-47F4-B79C-5CCA99BB3A6A}.Debug|Any CPU.ActiveCfg = Debug|Any CPU
		{0226C9CA-D419-47F4-B79C-5CCA99BB3A6A}.Debug|Any CPU.Build.0 = Debug|Any CPU
		{0226C9CA-D419-47F4-B79C-5CCA99BB3A6A}.Debug|iPhone.ActiveCfg = Debug|Any CPU
		{0226C9CA-D419-47F4-B79C-5CCA99BB3A6A}.Debug|iPhone.Build.0 = Debug|Any CPU
		{0226C9CA-D419-47F4-B79C-5CCA99BB3A6A}.Debug|iPhoneSimulator.ActiveCfg = Debug|Any CPU
		{0226C9CA-D419-47F4-B79C-5CCA99BB3A6A}.Debug|iPhoneSimulator.Build.0 = Debug|Any CPU
		{0226C9CA-D419-47F4-B79C-5CCA99BB3A6A}.Release|Any CPU.ActiveCfg = Release|Any CPU
		{0226C9CA-D419-47F4-B79C-5CCA99BB3A6A}.Release|Any CPU.Build.0 = Release|Any CPU
		{0226C9CA-D419-47F4-B79C-5CCA99BB3A6A}.Release|iPhone.ActiveCfg = Release|Any CPU
		{0226C9CA-D419-47F4-B79C-5CCA99BB3A6A}.Release|iPhone.Build.0 = Release|Any CPU
		{0226C9CA-D419-47F4-B79C-5CCA99BB3A6A}.Release|iPhoneSimulator.ActiveCfg = Release|Any CPU
		{0226C9CA-D419-47F4-B79C-5CCA99BB3A6A}.Release|iPhoneSimulator.Build.0 = Release|Any CPU
	EndGlobalSection
	GlobalSection(SolutionProperties) = preSolution
		HideSolutionNode = FALSE
	EndGlobalSection
	GlobalSection(ExtensibilityGlobals) = postSolution
		SolutionGuid = {EE08220B-E6BD-4D7B-B5DD-F37012487316}
	EndGlobalSection
EndGlobal
